// !$*UTF8*$!
{
	archiveVersion = 1;
	classes = {
	};
	objectVersion = 48;
	objects = {

/* Begin PBXBuildFile section */
		66601CE02047275F000F7993 /* AppDelegate.swift in Sources */ = {isa = PBXBuildFile; fileRef = 66601CDF2047275F000F7993 /* AppDelegate.swift */; };
		66601CE22047275F000F7993 /* ViewController.swift in Sources */ = {isa = PBXBuildFile; fileRef = 66601CE12047275F000F7993 /* ViewController.swift */; };
		66601CE52047275F000F7993 /* Main.storyboard in Resources */ = {isa = PBXBuildFile; fileRef = 66601CE32047275F000F7993 /* Main.storyboard */; };
		66601CE82047275F000F7993 /* ArtBook.xcdatamodeld in Sources */ = {isa = PBXBuildFile; fileRef = 66601CE62047275F000F7993 /* ArtBook.xcdatamodeld */; };
		66601CEA2047275F000F7993 /* Assets.xcassets in Resources */ = {isa = PBXBuildFile; fileRef = 66601CE92047275F000F7993 /* Assets.xcassets */; };
		66601CED2047275F000F7993 /* LaunchScreen.storyboard in Resources */ = {isa = PBXBuildFile; fileRef = 66601CEB2047275F000F7993 /* LaunchScreen.storyboard */; };
		66601CF5204728C6000F7993 /* DetailsViewController.swift in Sources */ = {isa = PBXBuildFile; fileRef = 66601CF4204728C6000F7993 /* DetailsViewController.swift */; };
		66601CF920472ECF000F7993 /* select.png in Resources */ = {isa = PBXBuildFile; fileRef = 66601CF820472ECF000F7993 /* select.png */; };
/* End PBXBuildFile section */

/* Begin PBXFileReference section */
		66601CDC2047275F000F7993 /* ArtBook.app */ = {isa = PBXFileReference; explicitFileType = wrapper.application; includeInIndex = 0; path = ArtBook.app; sourceTree = BUILT_PRODUCTS_DIR; };
		66601CDF2047275F000F7993 /* AppDelegate.swift */ = {isa = PBXFileReference; lastKnownFileType = sourcecode.swift; path = AppDelegate.swift; sourceTree = "<group>"; };
		66601CE12047275F000F7993 /* ViewController.swift */ = {isa = PBXFileReference; lastKnownFileType = sourcecode.swift; path = ViewController.swift; sourceTree = "<group>"; };
		66601CE42047275F000F7993 /* Base */ = {isa = PBXFileReference; lastKnownFileType = file.storyboard; name = Base; path = Base.lproj/Main.storyboard; sourceTree = "<group>"; };
		66601CE72047275F000F7993 /* ArtBook.xcdatamodel */ = {isa = PBXFileReference; lastKnownFileType = wrapper.xcdatamodel; path = ArtBook.xcdatamodel; sourceTree = "<group>"; };
		66601CE92047275F000F7993 /* Assets.xcassets */ = {isa = PBXFileReference; lastKnownFileType = folder.assetcatalog; path = Assets.xcassets; sourceTree = "<group>"; };
		66601CEC2047275F000F7993 /* Base */ = {isa = PBXFileReference; lastKnownFileType = file.storyboard; name = Base; path = Base.lproj/LaunchScreen.storyboard; sourceTree = "<group>"; };
		66601CEE2047275F000F7993 /* Info.plist */ = {isa = PBXFileReference; lastKnownFileType = text.plist.xml; path = Info.plist; sourceTree = "<group>"; };
		66601CF4204728C6000F7993 /* DetailsViewController.swift */ = {isa = PBXFileReference; lastKnownFileType = sourcecode.swift; path = DetailsViewController.swift; sourceTree = "<group>"; };
		66601CF820472ECF000F7993 /* select.png */ = {isa = PBXFileReference; lastKnownFileType = image.png; path = select.png; sourceTree = "<group>"; };
/* End PBXFileReference section */

/* Begin PBXFrameworksBuildPhase section */
		66601CD92047275F000F7993 /* Frameworks */ = {
			isa = PBXFrameworksBuildPhase;
			buildActionMask = 2147483647;
			files = (
			);
			runOnlyForDeploymentPostprocessing = 0;
		};
/* End PBXFrameworksBuildPhase section */

/* Begin PBXGroup section */
		66601CD32047275F000F7993 = {
			isa = PBXGroup;
			children = (
				66601CDE2047275F000F7993 /* ArtBook */,
				66601CDD2047275F000F7993 /* Products */,
			);
			sourceTree = "<group>";
		};
		66601CDD2047275F000F7993 /* Products */ = {
			isa = PBXGroup;
			children = (
				66601CDC2047275F000F7993 /* ArtBook.app */,
			);
			name = Products;
			sourceTree = "<group>";
		};
		66601CDE2047275F000F7993 /* ArtBook */ = {
			isa = PBXGroup;
			children = (
				66601CF820472ECF000F7993 /* select.png */,
				66601CDF2047275F000F7993 /* AppDelegate.swift */,
				66601CE12047275F000F7993 /* ViewController.swift */,
				66601CE32047275F000F7993 /* Main.storyboard */,
				66601CE92047275F000F7993 /* Assets.xcassets */,
				66601CEB2047275F000F7993 /* LaunchScreen.storyboard */,
				66601CEE2047275F000F7993 /* Info.plist */,
				66601CE62047275F000F7993 /* ArtBook.xcdatamodeld */,
				66601CF4204728C6000F7993 /* DetailsViewController.swift */,
			);
			path = ArtBook;
			sourceTree = "<group>";
		};
/* End PBXGroup section */

/* Begin PBXNativeTarget section */
		66601CDB2047275F000F7993 /* ArtBook */ = {
			isa = PBXNativeTarget;
			buildConfigurationList = 66601CF12047275F000F7993 /* Build configuration list for PBXNativeTarget "ArtBook" */;
			buildPhases = (
				66601CD82047275F000F7993 /* Sources */,
				66601CD92047275F000F7993 /* Frameworks */,
				66601CDA2047275F000F7993 /* Resources */,
			);
			buildRules = (
			);
			dependencies = (
			);
			name = ArtBook;
			productName = ArtBook;
			productReference = 66601CDC2047275F000F7993 /* ArtBook.app */;
			productType = "com.apple.product-type.application";
		};
/* End PBXNativeTarget section */

/* Begin PBXProject section */
		66601CD42047275F000F7993 /* Project object */ = {
			isa = PBXProject;
			attributes = {
				LastSwiftUpdateCheck = 0910;
				LastUpgradeCheck = 0910;
				ORGANIZATIONNAME = "falezz web & mobile";
				TargetAttributes = {
					66601CDB2047275F000F7993 = {
						CreatedOnToolsVersion = 9.1;
						ProvisioningStyle = Automatic;
					};
				};
			};
			buildConfigurationList = 66601CD72047275F000F7993 /* Build configuration list for PBXProject "ArtBook" */;
			compatibilityVersion = "Xcode 8.0";
			developmentRegion = en;
			hasScannedForEncodings = 0;
			knownRegions = (
				en,
				Base,
			);
			mainGroup = 66601CD32047275F000F7993;
			productRefGroup = 66601CDD2047275F000F7993 /* Products */;
			projectDirPath = "";
			projectRoot = "";
			targets = (
				66601CDB2047275F000F7993 /* ArtBook */,
			);
		};
/* End PBXProject section */

/* Begin PBXResourcesBuildPhase section */
		66601CDA2047275F000F7993 /* Resources */ = {
			isa = PBXResourcesBuildPhase;
			buildActionMask = 2147483647;
			files = (
				66601CED2047275F000F7993 /* LaunchScreen.storyboard in Resources */,
				66601CF920472ECF000F7993 /* select.png in Resources */,
				66601CEA2047275F000F7993 /* Assets.xcassets in Resources */,
				66601CE52047275F000F7993 /* Main.storyboard in Resources */,
			);
			runOnlyForDeploymentPostprocessing = 0;
		};
/* End PBXResourcesBuildPhase section */

/* Begin PBXSourcesBuildPhase section */
		66601CD82047275F000F7993 /* Sources */ = {
			isa = PBXSourcesBuildPhase;
			buildActionMask = 2147483647;
			files = (
				66601CE22047275F000F7993 /* ViewController.swift in Sources */,
				66601CE82047275F000F7993 /* ArtBook.xcdatamodeld in Sources */,
				66601CE02047275F000F7993 /* AppDelegate.swift in Sources */,
				66601CF5204728C6000F7993 /* DetailsViewController.swift in Sources */,
			);
			runOnlyForDeploymentPostprocessing = 0;
		};
/* End PBXSourcesBuildPhase section */

/* Begin PBXVariantGroup section */
		66601CE32047275F000F7993 /* Main.storyboard */ = {
			isa = PBXVariantGroup;
			children = (
				66601CE42047275F000F7993 /* Base */,
			);
			name = Main.storyboard;
			sourceTree = "<group>";
		};
		66601CEB2047275F000F7993 /* LaunchScreen.storyboard */ = {
			isa = PBXVariantGroup;
			children = (
				66601CEC2047275F000F7993 /* Base */,
			);
			name = LaunchScreen.storyboard;
			sourceTree = "<group>";
		};
/* End PBXVariantGroup section */

/* Begin XCBuildConfiguration section */
		66601CEF2047275F000F7993 /* Debug */ = {
			isa = XCBuildConfiguration;
			buildSettings = {
				ALWAYS_SEARCH_USER_PATHS = NO;
				CLANG_ANALYZER_NONNULL = YES;
				CLANG_ANALYZER_NUMBER_OBJECT_CONVERSION = YES_AGGRESSIVE;
				CLANG_CXX_LANGUAGE_STANDARD = "gnu++14";
				CLANG_CXX_LIBRARY = "libc++";
				CLANG_ENABLE_MODULES = YES;
				CLANG_ENABLE_OBJC_ARC = YES;
				CLANG_WARN_BLOCK_CAPTURE_AUTORELEASING = YES;
				CLANG_WARN_BOOL_CONVERSION = YES;
				CLANG_WARN_COMMA = YES;
				CLANG_WARN_CONSTANT_CONVERSION = YES;
				CLANG_WARN_DIRECT_OBJC_ISA_USAGE = YES_ERROR;
				CLANG_WARN_DOCUMENTATION_COMMENTS = YES;
				CLANG_WARN_EMPTY_BODY = YES;
				CLANG_WARN_ENUM_CONVERSION = YES;
				CLANG_WARN_INFINITE_RECURSION = YES;
				CLANG_WARN_INT_CONVERSION = YES;
				CLANG_WARN_NON_LITERAL_NULL_CONVERSION = YES;
				CLANG_WARN_OBJC_LITERAL_CONVERSION = YES;
				CLANG_WARN_OBJC_ROOT_CLASS = YES_ERROR;
				CLANG_WARN_RANGE_LOOP_ANALYSIS = YES;
				CLANG_WARN_STRICT_PROTOTYPES = YES;
				CLANG_WARN_SUSPICIOUS_MOVE = YES;
				CLANG_WARN_UNGUARDED_AVAILABILITY = YES_AGGRESSIVE;
				CLANG_WARN_UNREACHABLE_CODE = YES;
				CLANG_WARN__DUPLICATE_METHOD_MATCH = YES;
				CODE_SIGN_IDENTITY = "iPhone Developer";
				COPY_PHASE_STRIP = NO;
				DEBUG_INFORMATION_FORMAT = dwarf;
				ENABLE_STRICT_OBJC_MSGSEND = YES;
				ENABLE_TESTABILITY = YES;
				GCC_C_LANGUAGE_STANDARD = gnu11;
				GCC_DYNAMIC_NO_PIC = NO;
				GCC_NO_COMMON_BLOCKS = YES;
				GCC_OPTIMIZATION_LEVEL = 0;
				GCC_PREPROCESSOR_DEFINITIONS = (
					"DEBUG=1",
					"$(inherited)",
				);
				GCC_WARN_64_TO_32_BIT_CONVERSION = YES;
				GCC_WARN_ABOUT_RETURN_TYPE = YES_ERROR;
				GCC_WARN_UNDECLARED_SELECTOR = YES;
				GCC_WARN_UNINITIALIZED_AUTOS = YES_AGGRESSIVE;
				GCC_WARN_UNUSED_FUNCTION = YES;
				GCC_WARN_UNUSED_VARIABLE = YES;
				IPHONEOS_DEPLOYMENT_TARGET = 11.1;
				MTL_ENABLE_DEBUG_INFO = YES;
				ONLY_ACTIVE_ARCH = YES;
				SDKROOT = iphoneos;
				SWIFT_ACTIVE_COMPILATION_CONDITIONS = DEBUG;
				SWIFT_OPTIMIZATION_LEVEL = "-Onone";
			};
			name = Debug;
		};
		66601CF02047275F000F7993 /* Release */ = {
			isa = XCBuildConfiguration;
			buildSettings = {
				ALWAYS_SEARCH_USER_PATHS = NO;
				CLANG_ANALYZER_NONNULL = YES;
				CLANG_ANALYZER_NUMBER_OBJECT_CONVERSION = YES_AGGRESSIVE;
				CLANG_CXX_LANGUAGE_STANDARD = "gnu++14";
				CLANG_CXX_LIBRARY = "libc++";
				CLANG_ENABLE_MODULES = YES;
				CLANG_ENABLE_OBJC_ARC = YES;
				CLANG_WARN_BLOCK_CAPTURE_AUTORELEASING = YES;
				CLANG_WARN_BOOL_CONVERSION = YES;
				CLANG_WARN_COMMA = YES;
				CLANG_WARN_CONSTANT_CONVERSION = YES;
				CLANG_WARN_DIRECT_OBJC_ISA_USAGE = YES_ERROR;
				CLANG_WARN_DOCUMENTATION_COMMENTS = YES;
				CLANG_WARN_EMPTY_BODY = YES;
				CLANG_WARN_ENUM_CONVERSION = YES;
				CLANG_WARN_INFINITE_RECURSION = YES;
				CLANG_WARN_INT_CONVERSION = YES;
				CLANG_WARN_NON_LITERAL_NULL_CONVERSION = YES;
				CLANG_WARN_OBJC_LITERAL_CONVERSION = YES;
				CLANG_WARN_OBJC_ROOT_CLASS = YES_ERROR;
				CLANG_WARN_RANGE_LOOP_ANALYSIS = YES;
				CLANG_WARN_STRICT_PROTOTYPES = YES;
				CLANG_WARN_SUSPICIOUS_MOVE = YES;
				CLANG_WARN_UNGUARDED_AVAILABILITY = YES_AGGRESSIVE;
				CLANG_WARN_UNREACHABLE_CODE = YES;
				CLANG_WARN__DUPLICATE_METHOD_MATCH = YES;
				CODE_SIGN_IDENTITY = "iPhone Developer";
				COPY_PHASE_STRIP = NO;
				DEBUG_INFORMATION_FORMAT = "dwarf-with-dsym";
				ENABLE_NS_ASSERTIONS = NO;
				ENABLE_STRICT_OBJC_MSGSEND = YES;
				GCC_C_LANGUAGE_STANDARD = gnu11;
				GCC_NO_COMMON_BLOCKS = YES;
				GCC_WARN_64_TO_32_BIT_CONVERSION = YES;
				GCC_WARN_ABOUT_RETURN_TYPE = YES_ERROR;
				GCC_WARN_UNDECLARED_SELECTOR = YES;
				GCC_WARN_UNINITIALIZED_AUTOS = YES_AGGRESSIVE;
				GCC_WARN_UNUSED_FUNCTION = YES;
				GCC_WARN_UNUSED_VARIABLE = YES;
				IPHONEOS_DEPLOYMENT_TARGET = 11.1;
				MTL_ENABLE_DEBUG_INFO = NO;
				SDKROOT = iphoneos;
				SWIFT_OPTIMIZATION_LEVEL = "-Owholemodule";
				VALIDATE_PRODUCT = YES;
			};
			name = Release;
		};
		66601CF22047275F000F7993 /* Debug */ = {
			isa = XCBuildConfiguration;
			buildSettings = {
				ASSETCATALOG_COMPILER_APPICON_NAME = AppIcon;
				CODE_SIGN_STYLE = Automatic;
				DEVELOPMENT_TEAM = 94CLDU6NC2;
				INFOPLIST_FILE = ArtBook/Info.plist;
				LD_RUNPATH_SEARCH_PATHS = "$(inherited) @executable_path/Frameworks";
				PRODUCT_BUNDLE_IDENTIFIER = com.bykrkc.ArtBook;
				PRODUCT_NAME = "$(TARGET_NAME)";
				SWIFT_VERSION = 4.0;
				TARGETED_DEVICE_FAMILY = "1,2";
			};
			name = Debug;
		};
		66601CF32047275F000F7993 /* Release */ = {
			isa = XCBuildConfiguration;
			buildSettings = {
				ASSETCATALOG_COMPILER_APPICON_NAME = AppIcon;
				CODE_SIGN_STYLE = Automatic;
				DEVELOPMENT_TEAM = 94CLDU6NC2;
				INFOPLIST_FILE = ArtBook/Info.plist;
				LD_RUNPATH_SEARCH_PATHS = "$(inherited) @executable_path/Frameworks";
				PRODUCT_BUNDLE_IDENTIFIER = com.bykrkc.ArtBook;
				PRODUCT_NAME = "$(TARGET_NAME)";
				SWIFT_VERSION = 4.0;
				TARGETED_DEVICE_FAMILY = "1,2";
			};
			name = Release;
		};
/* End XCBuildConfiguration section */

/* Begin XCConfigurationList section */
		66601CD72047275F000F7993 /* Build configuration list for PBXProject "ArtBook" */ = {
			isa = XCConfigurationList;
			buildConfigurations = (
				66601CEF2047275F000F7993 /* Debug */,
				66601CF02047275F000F7993 /* Release */,
			);
			defaultConfigurationIsVisible = 0;
			defaultConfigurationName = Release;
		};
		66601CF12047275F000F7993 /* Build configuration list for PBXNativeTarget "ArtBook" */ = {
			isa = XCConfigurationList;
			buildConfigurations = (
				66601CF22047275F000F7993 /* Debug */,
				66601CF32047275F000F7993 /* Release */,
			);
			defaultConfigurationIsVisible = 0;
			defaultConfigurationName = Release;
		};
/* End XCConfigurationList section */

/* Begin XCVersionGroup section */
		66601CE62047275F000F7993 /* ArtBook.xcdatamodeld */ = {
			isa = XCVersionGroup;
			children = (
				66601CE72047275F000F7993 /* ArtBook.xcdatamodel */,
			);
			currentVersion = 66601CE72047275F000F7993 /* ArtBook.xcdatamodel */;
			path = ArtBook.xcdatamodeld;
			sourceTree = "<group>";
			versionGroupType = wrapper.xcdatamodel;
		};
/* End XCVersionGroup section */
	};
	rootObject = 66601CD42047275F000F7993 /* Project object */;
}
