// !$*UTF8*$!
{
	archiveVersion = 1;
	classes = {
	};
	objectVersion = 48;
	objects = {

/* Begin PBXBuildFile section */
		664ECE612045E8B6007C17B8 /* AppDelegate.swift in Sources */ = {isa = PBXBuildFile; fileRef = 664ECE602045E8B6007C17B8 /* AppDelegate.swift */; };
		664ECE632045E8B6007C17B8 /* ViewController.swift in Sources */ = {isa = PBXBuildFile; fileRef = 664ECE622045E8B6007C17B8 /* ViewController.swift */; };
		664ECE662045E8B6007C17B8 /* Main.storyboard in Resources */ = {isa = PBXBuildFile; fileRef = 664ECE642045E8B6007C17B8 /* Main.storyboard */; };
		664ECE682045E8B6007C17B8 /* Assets.xcassets in Resources */ = {isa = PBXBuildFile; fileRef = 664ECE672045E8B6007C17B8 /* Assets.xcassets */; };
		664ECE6B2045E8B6007C17B8 /* LaunchScreen.storyboard in Resources */ = {isa = PBXBuildFile; fileRef = 664ECE692045E8B6007C17B8 /* LaunchScreen.storyboard */; };
/* End PBXBuildFile section */

/* Begin PBXFileReference section */
		664ECE5D2045E8B6007C17B8 /* ObjectWithCode.app */ = {isa = PBXFileReference; explicitFileType = wrapper.application; includeInIndex = 0; path = ObjectWithCode.app; sourceTree = BUILT_PRODUCTS_DIR; };
		664ECE602045E8B6007C17B8 /* AppDelegate.swift */ = {isa = PBXFileReference; lastKnownFileType = sourcecode.swift; path = AppDelegate.swift; sourceTree = "<group>"; };
		664ECE622045E8B6007C17B8 /* ViewController.swift */ = {isa = PBXFileReference; lastKnownFileType = sourcecode.swift; path = ViewController.swift; sourceTree = "<group>"; };
		664ECE652045E8B6007C17B8 /* Base */ = {isa = PBXFileReference; lastKnownFileType = file.storyboard; name = Base; path = Base.lproj/Main.storyboard; sourceTree = "<group>"; };
		664ECE672045E8B6007C17B8 /* Assets.xcassets */ = {isa = PBXFileReference; lastKnownFileType = folder.assetcatalog; path = Assets.xcassets; sourceTree = "<group>"; };
		664ECE6A2045E8B6007C17B8 /* Base */ = {isa = PBXFileReference; lastKnownFileType = file.storyboard; name = Base; path = Base.lproj/LaunchScreen.storyboard; sourceTree = "<group>"; };
		664ECE6C2045E8B6007C17B8 /* Info.plist */ = {isa = PBXFileReference; lastKnownFileType = text.plist.xml; path = Info.plist; sourceTree = "<group>"; };
/* End PBXFileReference section */

/* Begin PBXFrameworksBuildPhase section */
		664ECE5A2045E8B6007C17B8 /* Frameworks */ = {
			isa = PBXFrameworksBuildPhase;
			buildActionMask = 2147483647;
			files = (
			);
			runOnlyForDeploymentPostprocessing = 0;
		};
/* End PBXFrameworksBuildPhase section */

/* Begin PBXGroup section */
		664ECE542045E8B6007C17B8 = {
			isa = PBXGroup;
			children = (
				664ECE5F2045E8B6007C17B8 /* ObjectWithCode */,
				664ECE5E2045E8B6007C17B8 /* Products */,
			);
			sourceTree = "<group>";
		};
		664ECE5E2045E8B6007C17B8 /* Products */ = {
			isa = PBXGroup;
			children = (
				664ECE5D2045E8B6007C17B8 /* ObjectWithCode.app */,
			);
			name = Products;
			sourceTree = "<group>";
		};
		664ECE5F2045E8B6007C17B8 /* ObjectWithCode */ = {
			isa = PBXGroup;
			children = (
				664ECE602045E8B6007C17B8 /* AppDelegate.swift */,
				664ECE622045E8B6007C17B8 /* ViewController.swift */,
				664ECE642045E8B6007C17B8 /* Main.storyboard */,
				664ECE672045E8B6007C17B8 /* Assets.xcassets */,
				664ECE692045E8B6007C17B8 /* LaunchScreen.storyboard */,
				664ECE6C2045E8B6007C17B8 /* Info.plist */,
			);
			path = ObjectWithCode;
			sourceTree = "<group>";
		};
/* End PBXGroup section */

/* Begin PBXNativeTarget section */
		664ECE5C2045E8B6007C17B8 /* ObjectWithCode */ = {
			isa = PBXNativeTarget;
			buildConfigurationList = 664ECE6F2045E8B6007C17B8 /* Build configuration list for PBXNativeTarget "ObjectWithCode" */;
			buildPhases = (
				664ECE592045E8B6007C17B8 /* Sources */,
				664ECE5A2045E8B6007C17B8 /* Frameworks */,
				664ECE5B2045E8B6007C17B8 /* Resources */,
			);
			buildRules = (
			);
			dependencies = (
			);
			name = ObjectWithCode;
			productName = ObjectWithCode;
			productReference = 664ECE5D2045E8B6007C17B8 /* ObjectWithCode.app */;
			productType = "com.apple.product-type.application";
		};
/* End PBXNativeTarget section */

/* Begin PBXProject section */
		664ECE552045E8B6007C17B8 /* Project object */ = {
			isa = PBXProject;
			attributes = {
				LastSwiftUpdateCheck = 0910;
				LastUpgradeCheck = 0910;
				ORGANIZATIONNAME = "falezz web & mobile";
				TargetAttributes = {
					664ECE5C2045E8B6007C17B8 = {
						CreatedOnToolsVersion = 9.1;
						ProvisioningStyle = Automatic;
					};
				};
			};
			buildConfigurationList = 664ECE582045E8B6007C17B8 /* Build configuration list for PBXProject "ObjectWithCode" */;
			compatibilityVersion = "Xcode 8.0";
			developmentRegion = en;
			hasScannedForEncodings = 0;
			knownRegions = (
				en,
				Base,
			);
			mainGroup = 664ECE542045E8B6007C17B8;
			productRefGroup = 664ECE5E2045E8B6007C17B8 /* Products */;
			projectDirPath = "";
			projectRoot = "";
			targets = (
				664ECE5C2045E8B6007C17B8 /* ObjectWithCode */,
			);
		};
/* End PBXProject section */

/* Begin PBXResourcesBuildPhase section */
		664ECE5B2045E8B6007C17B8 /* Resources */ = {
			isa = PBXResourcesBuildPhase;
			buildActionMask = 2147483647;
			files = (
				664ECE6B2045E8B6007C17B8 /* LaunchScreen.storyboard in Resources */,
				664ECE682045E8B6007C17B8 /* Assets.xcassets in Resources */,
				664ECE662045E8B6007C17B8 /* Main.storyboard in Resources */,
			);
			runOnlyForDeploymentPostprocessing = 0;
		};
/* End PBXResourcesBuildPhase section */

/* Begin PBXSourcesBuildPhase section */
		664ECE592045E8B6007C17B8 /* Sources */ = {
			isa = PBXSourcesBuildPhase;
			buildActionMask = 2147483647;
			files = (
				664ECE632045E8B6007C17B8 /* ViewController.swift in Sources */,
				664ECE612045E8B6007C17B8 /* AppDelegate.swift in Sources */,
			);
			runOnlyForDeploymentPostprocessing = 0;
		};
/* End PBXSourcesBuildPhase section */

/* Begin PBXVariantGroup section */
		664ECE642045E8B6007C17B8 /* Main.storyboard */ = {
			isa = PBXVariantGroup;
			children = (
				664ECE652045E8B6007C17B8 /* Base */,
			);
			name = Main.storyboard;
			sourceTree = "<group>";
		};
		664ECE692045E8B6007C17B8 /* LaunchScreen.storyboard */ = {
			isa = PBXVariantGroup;
			children = (
				664ECE6A2045E8B6007C17B8 /* Base */,
			);
			name = LaunchScreen.storyboard;
			sourceTree = "<group>";
		};
/* End PBXVariantGroup section */

/* Begin XCBuildConfiguration section */
		664ECE6D2045E8B6007C17B8 /* Debug */ = {
			isa = XCBuildConfiguration;
			buildSettings = {
				ALWAYS_SEARCH_USER_PATHS = NO;
				CLANG_ANALYZER_NONNULL = YES;
				CLANG_ANALYZER_NUMBER_OBJECT_CONVERSION = YES_AGGRESSIVE;
				CLANG_CXX_LANGUAGE_STANDARD = "gnu++14";
				CLANG_CXX_LIBRARY = "libc++";
				CLANG_ENABLE_MODULES = YES;
				CLANG_ENABLE_OBJC_ARC = YES;
				CLANG_WARN_BLOCK_CAPTURE_AUTORELEASING = YES;
				CLANG_WARN_BOOL_CONVERSION = YES;
				CLANG_WARN_COMMA = YES;
				CLANG_WARN_CONSTANT_CONVERSION = YES;
				CLANG_WARN_DIRECT_OBJC_ISA_USAGE = YES_ERROR;
				CLANG_WARN_DOCUMENTATION_COMMENTS = YES;
				CLANG_WARN_EMPTY_BODY = YES;
				CLANG_WARN_ENUM_CONVERSION = YES;
				CLANG_WARN_INFINITE_RECURSION = YES;
				CLANG_WARN_INT_CONVERSION = YES;
				CLANG_WARN_NON_LITERAL_NULL_CONVERSION = YES;
				CLANG_WARN_OBJC_LITERAL_CONVERSION = YES;
				CLANG_WARN_OBJC_ROOT_CLASS = YES_ERROR;
				CLANG_WARN_RANGE_LOOP_ANALYSIS = YES;
				CLANG_WARN_STRICT_PROTOTYPES = YES;
				CLANG_WARN_SUSPICIOUS_MOVE = YES;
				CLANG_WARN_UNGUARDED_AVAILABILITY = YES_AGGRESSIVE;
				CLANG_WARN_UNREACHABLE_CODE = YES;
				CLANG_WARN__DUPLICATE_METHOD_MATCH = YES;
				CODE_SIGN_IDENTITY = "iPhone Developer";
				COPY_PHASE_STRIP = NO;
				DEBUG_INFORMATION_FORMAT = dwarf;
				ENABLE_STRICT_OBJC_MSGSEND = YES;
				ENABLE_TESTABILITY = YES;
				GCC_C_LANGUAGE_STANDARD = gnu11;
				GCC_DYNAMIC_NO_PIC = NO;
				GCC_NO_COMMON_BLOCKS = YES;
				GCC_OPTIMIZATION_LEVEL = 0;
				GCC_PREPROCESSOR_DEFINITIONS = (
					"DEBUG=1",
					"$(inherited)",
				);
				GCC_WARN_64_TO_32_BIT_CONVERSION = YES;
				GCC_WARN_ABOUT_RETURN_TYPE = YES_ERROR;
				GCC_WARN_UNDECLARED_SELECTOR = YES;
				GCC_WARN_UNINITIALIZED_AUTOS = YES_AGGRESSIVE;
				GCC_WARN_UNUSED_FUNCTION = YES;
				GCC_WARN_UNUSED_VARIABLE = YES;
				IPHONEOS_DEPLOYMENT_TARGET = 11.1;
				MTL_ENABLE_DEBUG_INFO = YES;
				ONLY_ACTIVE_ARCH = YES;
				SDKROOT = iphoneos;
				SWIFT_ACTIVE_COMPILATION_CONDITIONS = DEBUG;
				SWIFT_OPTIMIZATION_LEVEL = "-Onone";
			};
			name = Debug;
		};
		664ECE6E2045E8B6007C17B8 /* Release */ = {
			isa = XCBuildConfiguration;
			buildSettings = {
				ALWAYS_SEARCH_USER_PATHS = NO;
				CLANG_ANALYZER_NONNULL = YES;
				CLANG_ANALYZER_NUMBER_OBJECT_CONVERSION = YES_AGGRESSIVE;
				CLANG_CXX_LANGUAGE_STANDARD = "gnu++14";
				CLANG_CXX_LIBRARY = "libc++";
				CLANG_ENABLE_MODULES = YES;
				CLANG_ENABLE_OBJC_ARC = YES;
				CLANG_WARN_BLOCK_CAPTURE_AUTORELEASING = YES;
				CLANG_WARN_BOOL_CONVERSION = YES;
				CLANG_WARN_COMMA = YES;
				CLANG_WARN_CONSTANT_CONVERSION = YES;
				CLANG_WARN_DIRECT_OBJC_ISA_USAGE = YES_ERROR;
				CLANG_WARN_DOCUMENTATION_COMMENTS = YES;
				CLANG_WARN_EMPTY_BODY = YES;
				CLANG_WARN_ENUM_CONVERSION = YES;
				CLANG_WARN_INFINITE_RECURSION = YES;
				CLANG_WARN_INT_CONVERSION = YES;
				CLANG_WARN_NON_LITERAL_NULL_CONVERSION = YES;
				CLANG_WARN_OBJC_LITERAL_CONVERSION = YES;
				CLANG_WARN_OBJC_ROOT_CLASS = YES_ERROR;
				CLANG_WARN_RANGE_LOOP_ANALYSIS = YES;
				CLANG_WARN_STRICT_PROTOTYPES = YES;
				CLANG_WARN_SUSPICIOUS_MOVE = YES;
				CLANG_WARN_UNGUARDED_AVAILABILITY = YES_AGGRESSIVE;
				CLANG_WARN_UNREACHABLE_CODE = YES;
				CLANG_WARN__DUPLICATE_METHOD_MATCH = YES;
				CODE_SIGN_IDENTITY = "iPhone Developer";
				COPY_PHASE_STRIP = NO;
				DEBUG_INFORMATION_FORMAT = "dwarf-with-dsym";
				ENABLE_NS_ASSERTIONS = NO;
				ENABLE_STRICT_OBJC_MSGSEND = YES;
				GCC_C_LANGUAGE_STANDARD = gnu11;
				GCC_NO_COMMON_BLOCKS = YES;
				GCC_WARN_64_TO_32_BIT_CONVERSION = YES;
				GCC_WARN_ABOUT_RETURN_TYPE = YES_ERROR;
				GCC_WARN_UNDECLARED_SELECTOR = YES;
				GCC_WARN_UNINITIALIZED_AUTOS = YES_AGGRESSIVE;
				GCC_WARN_UNUSED_FUNCTION = YES;
				GCC_WARN_UNUSED_VARIABLE = YES;
				IPHONEOS_DEPLOYMENT_TARGET = 11.1;
				MTL_ENABLE_DEBUG_INFO = NO;
				SDKROOT = iphoneos;
				SWIFT_OPTIMIZATION_LEVEL = "-Owholemodule";
				VALIDATE_PRODUCT = YES;
			};
			name = Release;
		};
		664ECE702045E8B6007C17B8 /* Debug */ = {
			isa = XCBuildConfiguration;
			buildSettings = {
				ASSETCATALOG_COMPILER_APPICON_NAME = AppIcon;
				CODE_SIGN_STYLE = Automatic;
				DEVELOPMENT_TEAM = 94CLDU6NC2;
				INFOPLIST_FILE = ObjectWithCode/Info.plist;
				LD_RUNPATH_SEARCH_PATHS = "$(inherited) @executable_path/Frameworks";
				PRODUCT_BUNDLE_IDENTIFIER = com.bykrkc.ObjectWithCode;
				PRODUCT_NAME = "$(TARGET_NAME)";
				SWIFT_VERSION = 4.0;
				TARGETED_DEVICE_FAMILY = "1,2";
			};
			name = Debug;
		};
		664ECE712045E8B6007C17B8 /* Release */ = {
			isa = XCBuildConfiguration;
			buildSettings = {
				ASSETCATALOG_COMPILER_APPICON_NAME = AppIcon;
				CODE_SIGN_STYLE = Automatic;
				DEVELOPMENT_TEAM = 94CLDU6NC2;
				INFOPLIST_FILE = ObjectWithCode/Info.plist;
				LD_RUNPATH_SEARCH_PATHS = "$(inherited) @executable_path/Frameworks";
				PRODUCT_BUNDLE_IDENTIFIER = com.bykrkc.ObjectWithCode;
				PRODUCT_NAME = "$(TARGET_NAME)";
				SWIFT_VERSION = 4.0;
				TARGETED_DEVICE_FAMILY = "1,2";
			};
			name = Release;
		};
/* End XCBuildConfiguration section */

/* Begin XCConfigurationList section */
		664ECE582045E8B6007C17B8 /* Build configuration list for PBXProject "ObjectWithCode" */ = {
			isa = XCConfigurationList;
			buildConfigurations = (
				664ECE6D2045E8B6007C17B8 /* Debug */,
				664ECE6E2045E8B6007C17B8 /* Release */,
			);
			defaultConfigurationIsVisible = 0;
			defaultConfigurationName = Release;
		};
		664ECE6F2045E8B6007C17B8 /* Build configuration list for PBXNativeTarget "ObjectWithCode" */ = {
			isa = XCConfigurationList;
			buildConfigurations = (
				664ECE702045E8B6007C17B8 /* Debug */,
				664ECE712045E8B6007C17B8 /* Release */,
			);
			defaultConfigurationIsVisible = 0;
			defaultConfigurationName = Release;
		};
/* End XCConfigurationList section */
	};
	rootObject = 664ECE552045E8B6007C17B8 /* Project object */;
}
